
Microsoft Visual Studio Solution File, Format Version 12.00
# Visual Studio Version 17
VisualStudioVersion = 17.6.33723.286
MinimumVisualStudioVersion = 10.0.40219.1
Project("{8BC9CEB8-8B4A-11D0-8D11-00A0C91BC942}") = "small-vm", "small-vm.vcxproj", "{E0958E03-876A-4D42-A88D-18B4356D394D}"
EndProject
Global
	GlobalSection(SolutionConfigurationPlatforms) = preSolution
		debug|x64 = debug|x64
		release|x64 = release|x64
		tools_debug|x64 = tools_debug|x64
		tools_release|x64 = tools_release|x64
	EndGlobalSection
	GlobalSection(ProjectConfigurationPlatforms) = postSolution
		{E0958E03-876A-4D42-A88D-18B4356D394D}.debug|x64.ActiveCfg = Debug|x64
		{E0958E03-876A-4D42-A88D-18B4356D394D}.debug|x64.Build.0 = Debug|x64
		{E0958E03-876A-4D42-A88D-18B4356D394D}.release|x64.ActiveCfg = Release|x64
		{E0958E03-876A-4D42-A88D-18B4356D394D}.release|x64.Build.0 = Release|x64
		{E0958E03-876A-4D42-A88D-18B4356D394D}.tools_debug|x64.ActiveCfg = tools_debug|x64
		{E0958E03-876A-4D42-A88D-18B4356D394D}.tools_debug|x64.Build.0 = tools_debug|x64
		{E0958E03-876A-4D42-A88D-18B4356D394D}.tools_release|x64.ActiveCfg = tools_release|x64
		{E0958E03-876A-4D42-A88D-18B4356D394D}.tools_release|x64.Build.0 = tools_release|x64
	EndGlobalSection
	GlobalSection(SolutionProperties) = preSolution
		HideSolutionNode = FALSE
	EndGlobalSection
	GlobalSection(ExtensibilityGlobals) = postSolution
		SolutionGuid = {859B8A72-A731-4166-BB76-0D8E2166B613}
	EndGlobalSection
EndGlobal
